
Microsoft Visual Studio Solution File, Format Version 12.00
# Visual Studio Version 16
VisualStudioVersion = 16.0.30711.63
MinimumVisualStudioVersion = 10.0.40219.1
Project("{9A19103F-16F7-4668-BE54-9A1E7A4F7556}") = "SchoolMeals.Server", "Server\SchoolMeals.Server.csproj", "{8D5DDAEA-E126-4717-BC50-BFFE53916C6E}"
EndProject
Project("{9A19103F-16F7-4668-BE54-9A1E7A4F7556}") = "SchoolMeals.Client", "Client\SchoolMeals.Client.csproj", "{B2C88563-1EFE-4E6B-B2A5-BB10640365B5}"
EndProject
Project("{9A19103F-16F7-4668-BE54-9A1E7A4F7556}") = "SchoolMeals.Shared", "Shared\SchoolMeals.Shared.csproj", "{D00A104A-21AB-42BF-A351-A18FF1392B90}"
EndProject
Global
	GlobalSection(SolutionConfigurationPlatforms) = preSolution
		Debug|Any CPU = Debug|Any CPU
		Release|Any CPU = Release|Any CPU
	EndGlobalSection
	GlobalSection(ProjectConfigurationPlatforms) = postSolution
		{8D5DDAEA-E126-4717-BC50-BFFE53916C6E}.Debug|Any CPU.ActiveCfg = Debug|Any CPU
		{8D5DDAEA-E126-4717-BC50-BFFE53916C6E}.Debug|Any CPU.Build.0 = Debug|Any CPU
		{8D5DDAEA-E126-4717-BC50-BFFE53916C6E}.Release|Any CPU.ActiveCfg = Release|Any CPU
		{8D5DDAEA-E126-4717-BC50-BFFE53916C6E}.Release|Any CPU.Build.0 = Release|Any CPU
		{B2C88563-1EFE-4E6B-B2A5-BB10640365B5}.Debug|Any CPU.ActiveCfg = Debug|Any CPU
		{B2C88563-1EFE-4E6B-B2A5-BB10640365B5}.Debug|Any CPU.Build.0 = Debug|Any CPU
		{B2C88563-1EFE-4E6B-B2A5-BB10640365B5}.Release|Any CPU.ActiveCfg = Release|Any CPU
		{B2C88563-1EFE-4E6B-B2A5-BB10640365B5}.Release|Any CPU.Build.0 = Release|Any CPU
		{D00A104A-21AB-42BF-A351-A18FF1392B90}.Debug|Any CPU.ActiveCfg = Debug|Any CPU
		{D00A104A-21AB-42BF-A351-A18FF1392B90}.Debug|Any CPU.Build.0 = Debug|Any CPU
		{D00A104A-21AB-42BF-A351-A18FF1392B90}.Release|Any CPU.ActiveCfg = Release|Any CPU
		{D00A104A-21AB-42BF-A351-A18FF1392B90}.Release|Any CPU.Build.0 = Release|Any CPU
	EndGlobalSection
	GlobalSection(SolutionProperties) = preSolution
		HideSolutionNode = FALSE
	EndGlobalSection
	GlobalSection(ExtensibilityGlobals) = postSolution
		SolutionGuid = {EA02477A-8BC1-4CCA-A9D4-BD2B59130F1E}
	EndGlobalSection
EndGlobal
